
Microsoft Visual Studio Solution File, Format Version 12.00
# Visual Studio Version 17
VisualStudioVersion = 17.0.32112.339
MinimumVisualStudioVersion = 10.0.40219.1
Project("{9092AA53-FB77-4645-B42D-1CCCA6BD08BD}") = "metasearch", "metasearch\metasearch.njsproj", "{96DC1FBE-E6CA-45DF-9756-F377F83EE148}"
EndProject
Project("{2150E333-8FDC-42A3-9474-1A3956D46DE8}") = "Solution Items", "Solution Items", "{3876CA57-11FB-4268-A7CA-A0B9386B3BB7}"
	ProjectSection(SolutionItems) = preProject
		metasearch\script\metasearch_exec.sh = metasearch\script\metasearch_exec.sh
		metasearch\script\send_mail.py = metasearch\script\send_mail.py
	EndProjectSection
EndProject
Global
	GlobalSection(SolutionConfigurationPlatforms) = preSolution
		Debug|Any CPU = Debug|Any CPU
		Release|Any CPU = Release|Any CPU
	EndGlobalSection
	GlobalSection(ProjectConfigurationPlatforms) = postSolution
		{96DC1FBE-E6CA-45DF-9756-F377F83EE148}.Debug|Any CPU.ActiveCfg = Debug|Any CPU
		{96DC1FBE-E6CA-45DF-9756-F377F83EE148}.Debug|Any CPU.Build.0 = Debug|Any CPU
		{96DC1FBE-E6CA-45DF-9756-F377F83EE148}.Release|Any CPU.ActiveCfg = Release|Any CPU
		{96DC1FBE-E6CA-45DF-9756-F377F83EE148}.Release|Any CPU.Build.0 = Release|Any CPU
	EndGlobalSection
	GlobalSection(SolutionProperties) = preSolution
		HideSolutionNode = FALSE
	EndGlobalSection
	GlobalSection(ExtensibilityGlobals) = postSolution
		SolutionGuid = {CD6A3589-2DA0-4D5F-A115-25F409257323}
	EndGlobalSection
EndGlobal
